
Microsoft Visual Studio Solution File, Format Version 12.00
# Visual Studio Version 17
VisualStudioVersion = 17.6.33723.286
MinimumVisualStudioVersion = 10.0.40219.1
Project("{9A19103F-16F7-4668-BE54-9A1E7A4F7556}") = "Task01", "Task01\Task01.csproj", "{79E49CAD-48B4-4306-879C-7E917AC45EA9}"
EndProject
Project("{9A19103F-16F7-4668-BE54-9A1E7A4F7556}") = "Task02", "Task02\Task02.csproj", "{9F5C2445-85DE-41AC-A249-BF65BF002D8A}"
EndProject
Project("{9A19103F-16F7-4668-BE54-9A1E7A4F7556}") = "Task04", "Task03\Task04.csproj", "{396129DD-D2FB-4E40-89DB-5E42E3EC7DCC}"
EndProject
Project("{9A19103F-16F7-4668-BE54-9A1E7A4F7556}") = "Task05", "Task05\Task05.csproj", "{1F2BB491-E6F5-48F5-A4C5-380C8DFA1BE1}"
EndProject
Project("{FAE04EC0-301F-11D3-BF4B-00C04F79EFBC}") = "ActualylTask03", "ActualylTask03\ActualylTask03.csproj", "{3E3C84E8-F0E1-4124-852E-F717F831CA59}"
EndProject
Global
	GlobalSection(SolutionConfigurationPlatforms) = preSolution
		Debug|Any CPU = Debug|Any CPU
		Release|Any CPU = Release|Any CPU
	EndGlobalSection
	GlobalSection(ProjectConfigurationPlatforms) = postSolution
		{79E49CAD-48B4-4306-879C-7E917AC45EA9}.Debug|Any CPU.ActiveCfg = Debug|Any CPU
		{79E49CAD-48B4-4306-879C-7E917AC45EA9}.Debug|Any CPU.Build.0 = Debug|Any CPU
		{79E49CAD-48B4-4306-879C-7E917AC45EA9}.Release|Any CPU.ActiveCfg = Release|Any CPU
		{79E49CAD-48B4-4306-879C-7E917AC45EA9}.Release|Any CPU.Build.0 = Release|Any CPU
		{9F5C2445-85DE-41AC-A249-BF65BF002D8A}.Debug|Any CPU.ActiveCfg = Debug|Any CPU
		{9F5C2445-85DE-41AC-A249-BF65BF002D8A}.Debug|Any CPU.Build.0 = Debug|Any CPU
		{9F5C2445-85DE-41AC-A249-BF65BF002D8A}.Release|Any CPU.ActiveCfg = Release|Any CPU
		{9F5C2445-85DE-41AC-A249-BF65BF002D8A}.Release|Any CPU.Build.0 = Release|Any CPU
		{396129DD-D2FB-4E40-89DB-5E42E3EC7DCC}.Debug|Any CPU.ActiveCfg = Debug|Any CPU
		{396129DD-D2FB-4E40-89DB-5E42E3EC7DCC}.Debug|Any CPU.Build.0 = Debug|Any CPU
		{396129DD-D2FB-4E40-89DB-5E42E3EC7DCC}.Release|Any CPU.ActiveCfg = Release|Any CPU
		{396129DD-D2FB-4E40-89DB-5E42E3EC7DCC}.Release|Any CPU.Build.0 = Release|Any CPU
		{1F2BB491-E6F5-48F5-A4C5-380C8DFA1BE1}.Debug|Any CPU.ActiveCfg = Debug|Any CPU
		{1F2BB491-E6F5-48F5-A4C5-380C8DFA1BE1}.Debug|Any CPU.Build.0 = Debug|Any CPU
		{1F2BB491-E6F5-48F5-A4C5-380C8DFA1BE1}.Release|Any CPU.ActiveCfg = Release|Any CPU
		{1F2BB491-E6F5-48F5-A4C5-380C8DFA1BE1}.Release|Any CPU.Build.0 = Release|Any CPU
		{3E3C84E8-F0E1-4124-852E-F717F831CA59}.Debug|Any CPU.ActiveCfg = Debug|Any CPU
		{3E3C84E8-F0E1-4124-852E-F717F831CA59}.Debug|Any CPU.Build.0 = Debug|Any CPU
		{3E3C84E8-F0E1-4124-852E-F717F831CA59}.Release|Any CPU.ActiveCfg = Release|Any CPU
		{3E3C84E8-F0E1-4124-852E-F717F831CA59}.Release|Any CPU.Build.0 = Release|Any CPU
	EndGlobalSection
	GlobalSection(SolutionProperties) = preSolution
		HideSolutionNode = FALSE
	EndGlobalSection
	GlobalSection(ExtensibilityGlobals) = postSolution
		SolutionGuid = {6E97586E-BCF6-4A02-BEF1-33976CA0DEFD}
	EndGlobalSection
EndGlobal
